// !$*UTF8*$!
{
	archiveVersion = 1;
	classes = {
	};
	objectVersion = 50;
	objects = {

/* Begin PBXBuildFile section */
		9309319024F0998300E1B2E9 /* AppDelegate.swift in Sources */ = {isa = PBXBuildFile; fileRef = 9309318F24F0998300E1B2E9 /* AppDelegate.swift */; };
		9309319224F0998300E1B2E9 /* SceneDelegate.swift in Sources */ = {isa = PBXBuildFile; fileRef = 9309319124F0998300E1B2E9 /* SceneDelegate.swift */; };
		9309319924F0998500E1B2E9 /* Assets.xcassets in Resources */ = {isa = PBXBuildFile; fileRef = 9309319824F0998500E1B2E9 /* Assets.xcassets */; };
		9309319C24F0998500E1B2E9 /* LaunchScreen.storyboard in Resources */ = {isa = PBXBuildFile; fileRef = 9309319A24F0998500E1B2E9 /* LaunchScreen.storyboard */; };
		930931A724F0998800E1B2E9 /* RomatoTests.swift in Sources */ = {isa = PBXBuildFile; fileRef = 930931A624F0998800E1B2E9 /* RomatoTests.swift */; };
		930931B224F0998800E1B2E9 /* RomatoUITests.swift in Sources */ = {isa = PBXBuildFile; fileRef = 930931B124F0998800E1B2E9 /* RomatoUITests.swift */; };
		930931C224F09DD800E1B2E9 /* HomeViewController.swift in Sources */ = {isa = PBXBuildFile; fileRef = 930931C124F09DD800E1B2E9 /* HomeViewController.swift */; };
		930931C424F09E0C00E1B2E9 /* HomeViewModel.swift in Sources */ = {isa = PBXBuildFile; fileRef = 930931C324F09E0C00E1B2E9 /* HomeViewModel.swift */; };
		931FE92425703FEE0046624F /* RestaurantCardView.swift in Sources */ = {isa = PBXBuildFile; fileRef = 931FE92325703FEE0046624F /* RestaurantCardView.swift */; };
		933E2C102517B35200FC9E63 /* FilterViewComponent.swift in Sources */ = {isa = PBXBuildFile; fileRef = 933E2C0F2517B35200FC9E63 /* FilterViewComponent.swift */; };
		933E2C122517B4B000FC9E63 /* Colors.swift in Sources */ = {isa = PBXBuildFile; fileRef = 933E2C112517B4B000FC9E63 /* Colors.swift */; };
		933E2C142517B52700FC9E63 /* UIColor+Utility.swift in Sources */ = {isa = PBXBuildFile; fileRef = 933E2C132517B52700FC9E63 /* UIColor+Utility.swift */; };
		933E2C162517BE9D00FC9E63 /* FilterContainerScrollView.swift in Sources */ = {isa = PBXBuildFile; fileRef = 933E2C152517BE9D00FC9E63 /* FilterContainerScrollView.swift */; };
		933E2C1825224FA200FC9E63 /* ScrollViewWithContainerView.swift in Sources */ = {isa = PBXBuildFile; fileRef = 933E2C1725224FA100FC9E63 /* ScrollViewWithContainerView.swift */; };
		933E2C1A252282D900FC9E63 /* FilterButton.swift in Sources */ = {isa = PBXBuildFile; fileRef = 933E2C19252282D900FC9E63 /* FilterButton.swift */; };
		933E2C1C252283C300FC9E63 /* GreyLabel.swift in Sources */ = {isa = PBXBuildFile; fileRef = 933E2C1B252283C300FC9E63 /* GreyLabel.swift */; };
		933E2C1E2522907D00FC9E63 /* FilterViewComponentBaseView.swift in Sources */ = {isa = PBXBuildFile; fileRef = 933E2C1D2522907D00FC9E63 /* FilterViewComponentBaseView.swift */; };
		933E2C202522B4FB00FC9E63 /* FilterCell.swift in Sources */ = {isa = PBXBuildFile; fileRef = 933E2C1F2522B4FB00FC9E63 /* FilterCell.swift */; };
		933E2C222522E99900FC9E63 /* RestaurantCardCell.swift in Sources */ = {isa = PBXBuildFile; fileRef = 933E2C212522E99900FC9E63 /* RestaurantCardCell.swift */; };
		933E2C242522E9C300FC9E63 /* RestaurantCardImageView.swift in Sources */ = {isa = PBXBuildFile; fileRef = 933E2C232522E9C300FC9E63 /* RestaurantCardImageView.swift */; };
		933E2C262522EAA000FC9E63 /* CollectionsHeaderCell.swift in Sources */ = {isa = PBXBuildFile; fileRef = 933E2C252522EAA000FC9E63 /* CollectionsHeaderCell.swift */; };
		933E2C282523C57600FC9E63 /* RestaurantSummaryCard.swift in Sources */ = {isa = PBXBuildFile; fileRef = 933E2C272523C57600FC9E63 /* RestaurantSummaryCard.swift */; };
		933E2C2A2524098D00FC9E63 /* RatingView.swift in Sources */ = {isa = PBXBuildFile; fileRef = 933E2C292524098D00FC9E63 /* RatingView.swift */; };
		934853022505815700EDD2AA /* UIView+Extension.swift in Sources */ = {isa = PBXBuildFile; fileRef = 934853012505815700EDD2AA /* UIView+Extension.swift */; };
		93485305250583CF00EDD2AA /* AddressView.swift in Sources */ = {isa = PBXBuildFile; fileRef = 93485304250583CF00EDD2AA /* AddressView.swift */; };
		936D1832253BBDB100889CE0 /* NunitoSans-SemiBoldItalic.ttf in Resources */ = {isa = PBXBuildFile; fileRef = 936D1831253BBDB100889CE0 /* NunitoSans-SemiBoldItalic.ttf */; };
		936D1841253BBDCD00889CE0 /* NunitoSans-SemiBold.ttf in Resources */ = {isa = PBXBuildFile; fileRef = 936D1833253BBDCC00889CE0 /* NunitoSans-SemiBold.ttf */; };
		936D1842253BBDCD00889CE0 /* NunitoSans-Regular.ttf in Resources */ = {isa = PBXBuildFile; fileRef = 936D1834253BBDCC00889CE0 /* NunitoSans-Regular.ttf */; };
		936D1843253BBDCD00889CE0 /* NunitoSans-ExtraBold.ttf in Resources */ = {isa = PBXBuildFile; fileRef = 936D1835253BBDCC00889CE0 /* NunitoSans-ExtraBold.ttf */; };
		936D1844253BBDCD00889CE0 /* NunitoSans-BoldItalic.ttf in Resources */ = {isa = PBXBuildFile; fileRef = 936D1836253BBDCC00889CE0 /* NunitoSans-BoldItalic.ttf */; };
		936D1845253BBDCD00889CE0 /* NunitoSans-ExtraLight.ttf in Resources */ = {isa = PBXBuildFile; fileRef = 936D1837253BBDCC00889CE0 /* NunitoSans-ExtraLight.ttf */; };
		936D1846253BBDCD00889CE0 /* Fonts.swift in Sources */ = {isa = PBXBuildFile; fileRef = 936D1838253BBDCC00889CE0 /* Fonts.swift */; };
		936D1847253BBDCD00889CE0 /* NunitoSans-LightItalic.ttf in Resources */ = {isa = PBXBuildFile; fileRef = 936D1839253BBDCC00889CE0 /* NunitoSans-LightItalic.ttf */; };
		936D1848253BBDCD00889CE0 /* NunitoSans-ExtraBoldItalic.ttf in Resources */ = {isa = PBXBuildFile; fileRef = 936D183A253BBDCC00889CE0 /* NunitoSans-ExtraBoldItalic.ttf */; };
		936D1849253BBDCD00889CE0 /* NunitoSans-ExtraLightItalic.ttf in Resources */ = {isa = PBXBuildFile; fileRef = 936D183B253BBDCC00889CE0 /* NunitoSans-ExtraLightItalic.ttf */; };
		936D184A253BBDCD00889CE0 /* NunitoSans-Black.ttf in Resources */ = {isa = PBXBuildFile; fileRef = 936D183C253BBDCD00889CE0 /* NunitoSans-Black.ttf */; };
		936D184B253BBDCD00889CE0 /* NunitoSans-Bold.ttf in Resources */ = {isa = PBXBuildFile; fileRef = 936D183D253BBDCD00889CE0 /* NunitoSans-Bold.ttf */; };
		936D184C253BBDCD00889CE0 /* NunitoSans-BlackItalic.ttf in Resources */ = {isa = PBXBuildFile; fileRef = 936D183E253BBDCD00889CE0 /* NunitoSans-BlackItalic.ttf */; };
		936D184D253BBDCD00889CE0 /* NunitoSans-Italic.ttf in Resources */ = {isa = PBXBuildFile; fileRef = 936D183F253BBDCD00889CE0 /* NunitoSans-Italic.ttf */; };
		936D184E253BBDCD00889CE0 /* NunitoSans-Light.ttf in Resources */ = {isa = PBXBuildFile; fileRef = 936D1840253BBDCD00889CE0 /* NunitoSans-Light.ttf */; };
		936D1850253BC09E00889CE0 /* UIContentSizeCategory+Extensions.swift in Sources */ = {isa = PBXBuildFile; fileRef = 936D184F253BC09E00889CE0 /* UIContentSizeCategory+Extensions.swift */; };
		936D1852253E7DA200889CE0 /* CollectionView.swift in Sources */ = {isa = PBXBuildFile; fileRef = 936D1851253E7DA200889CE0 /* CollectionView.swift */; };
		936D1855253E7DF900889CE0 /* CollectionViewCell.swift in Sources */ = {isa = PBXBuildFile; fileRef = 936D1854253E7DF900889CE0 /* CollectionViewCell.swift */; };
		936D1857253E80B500889CE0 /* CollectionScrollView.swift in Sources */ = {isa = PBXBuildFile; fileRef = 936D1856253E80B500889CE0 /* CollectionScrollView.swift */; };
		936D1859253FF23500889CE0 /* CollectionImageView.swift in Sources */ = {isa = PBXBuildFile; fileRef = 936D1858253FF23500889CE0 /* CollectionImageView.swift */; };
		9380088A2516CA100048D2A8 /* SearchBar.swift in Sources */ = {isa = PBXBuildFile; fileRef = 938008892516CA100048D2A8 /* SearchBar.swift */; };
		9380088E2516CC040048D2A8 /* LocalizedString.swift in Sources */ = {isa = PBXBuildFile; fileRef = 9380088D2516CC040048D2A8 /* LocalizedString.swift */; };
/* End PBXBuildFile section */

/* Begin PBXContainerItemProxy section */
		930931A324F0998800E1B2E9 /* PBXContainerItemProxy */ = {
			isa = PBXContainerItemProxy;
			containerPortal = 9309318424F0998300E1B2E9 /* Project object */;
			proxyType = 1;
			remoteGlobalIDString = 9309318B24F0998300E1B2E9;
			remoteInfo = Romato;
		};
		930931AE24F0998800E1B2E9 /* PBXContainerItemProxy */ = {
			isa = PBXContainerItemProxy;
			containerPortal = 9309318424F0998300E1B2E9 /* Project object */;
			proxyType = 1;
			remoteGlobalIDString = 9309318B24F0998300E1B2E9;
			remoteInfo = Romato;
		};
/* End PBXContainerItemProxy section */

/* Begin PBXFileReference section */
		9309318C24F0998300E1B2E9 /* Romato.app */ = {isa = PBXFileReference; explicitFileType = wrapper.application; includeInIndex = 0; path = Romato.app; sourceTree = BUILT_PRODUCTS_DIR; };
		9309318F24F0998300E1B2E9 /* AppDelegate.swift */ = {isa = PBXFileReference; lastKnownFileType = sourcecode.swift; path = AppDelegate.swift; sourceTree = "<group>"; };
		9309319124F0998300E1B2E9 /* SceneDelegate.swift */ = {isa = PBXFileReference; lastKnownFileType = sourcecode.swift; path = SceneDelegate.swift; sourceTree = "<group>"; };
		9309319824F0998500E1B2E9 /* Assets.xcassets */ = {isa = PBXFileReference; lastKnownFileType = folder.assetcatalog; path = Assets.xcassets; sourceTree = "<group>"; };
		9309319B24F0998500E1B2E9 /* Base */ = {isa = PBXFileReference; lastKnownFileType = file.storyboard; name = Base; path = Base.lproj/LaunchScreen.storyboard; sourceTree = "<group>"; };
		9309319D24F0998500E1B2E9 /* Info.plist */ = {isa = PBXFileReference; lastKnownFileType = text.plist.xml; path = Info.plist; sourceTree = "<group>"; };
		930931A224F0998800E1B2E9 /* RomatoTests.xctest */ = {isa = PBXFileReference; explicitFileType = wrapper.cfbundle; includeInIndex = 0; path = RomatoTests.xctest; sourceTree = BUILT_PRODUCTS_DIR; };
		930931A624F0998800E1B2E9 /* RomatoTests.swift */ = {isa = PBXFileReference; lastKnownFileType = sourcecode.swift; path = RomatoTests.swift; sourceTree = "<group>"; };
		930931A824F0998800E1B2E9 /* Info.plist */ = {isa = PBXFileReference; lastKnownFileType = text.plist.xml; path = Info.plist; sourceTree = "<group>"; };
		930931AD24F0998800E1B2E9 /* RomatoUITests.xctest */ = {isa = PBXFileReference; explicitFileType = wrapper.cfbundle; includeInIndex = 0; path = RomatoUITests.xctest; sourceTree = BUILT_PRODUCTS_DIR; };
		930931B124F0998800E1B2E9 /* RomatoUITests.swift */ = {isa = PBXFileReference; lastKnownFileType = sourcecode.swift; path = RomatoUITests.swift; sourceTree = "<group>"; };
		930931B324F0998800E1B2E9 /* Info.plist */ = {isa = PBXFileReference; lastKnownFileType = text.plist.xml; path = Info.plist; sourceTree = "<group>"; };
		930931C124F09DD800E1B2E9 /* HomeViewController.swift */ = {isa = PBXFileReference; lastKnownFileType = sourcecode.swift; path = HomeViewController.swift; sourceTree = "<group>"; };
		930931C324F09E0C00E1B2E9 /* HomeViewModel.swift */ = {isa = PBXFileReference; lastKnownFileType = sourcecode.swift; path = HomeViewModel.swift; sourceTree = "<group>"; };
		931FE92325703FEE0046624F /* RestaurantCardView.swift */ = {isa = PBXFileReference; lastKnownFileType = sourcecode.swift; path = RestaurantCardView.swift; sourceTree = "<group>"; };
		933E2C0F2517B35200FC9E63 /* FilterViewComponent.swift */ = {isa = PBXFileReference; lastKnownFileType = sourcecode.swift; path = FilterViewComponent.swift; sourceTree = "<group>"; };
		933E2C112517B4B000FC9E63 /* Colors.swift */ = {isa = PBXFileReference; lastKnownFileType = sourcecode.swift; path = Colors.swift; sourceTree = "<group>"; };
		933E2C132517B52700FC9E63 /* UIColor+Utility.swift */ = {isa = PBXFileReference; fileEncoding = 4; lastKnownFileType = sourcecode.swift; path = "UIColor+Utility.swift"; sourceTree = "<group>"; };
		933E2C152517BE9D00FC9E63 /* FilterContainerScrollView.swift */ = {isa = PBXFileReference; lastKnownFileType = sourcecode.swift; path = FilterContainerScrollView.swift; sourceTree = "<group>"; };
		933E2C1725224FA100FC9E63 /* ScrollViewWithContainerView.swift */ = {isa = PBXFileReference; fileEncoding = 4; lastKnownFileType = sourcecode.swift; path = ScrollViewWithContainerView.swift; sourceTree = "<group>"; };
		933E2C19252282D900FC9E63 /* FilterButton.swift */ = {isa = PBXFileReference; lastKnownFileType = sourcecode.swift; path = FilterButton.swift; sourceTree = "<group>"; };
		933E2C1B252283C300FC9E63 /* GreyLabel.swift */ = {isa = PBXFileReference; lastKnownFileType = sourcecode.swift; path = GreyLabel.swift; sourceTree = "<group>"; };
		933E2C1D2522907D00FC9E63 /* FilterViewComponentBaseView.swift */ = {isa = PBXFileReference; lastKnownFileType = sourcecode.swift; path = FilterViewComponentBaseView.swift; sourceTree = "<group>"; };
		933E2C1F2522B4FB00FC9E63 /* FilterCell.swift */ = {isa = PBXFileReference; lastKnownFileType = sourcecode.swift; path = FilterCell.swift; sourceTree = "<group>"; };
		933E2C212522E99900FC9E63 /* RestaurantCardCell.swift */ = {isa = PBXFileReference; lastKnownFileType = sourcecode.swift; path = RestaurantCardCell.swift; sourceTree = "<group>"; };
		933E2C232522E9C300FC9E63 /* RestaurantCardImageView.swift */ = {isa = PBXFileReference; lastKnownFileType = sourcecode.swift; path = RestaurantCardImageView.swift; sourceTree = "<group>"; };
		933E2C252522EAA000FC9E63 /* CollectionsHeaderCell.swift */ = {isa = PBXFileReference; lastKnownFileType = sourcecode.swift; path = CollectionsHeaderCell.swift; sourceTree = "<group>"; };
		933E2C272523C57600FC9E63 /* RestaurantSummaryCard.swift */ = {isa = PBXFileReference; lastKnownFileType = sourcecode.swift; path = RestaurantSummaryCard.swift; sourceTree = "<group>"; };
		933E2C292524098D00FC9E63 /* RatingView.swift */ = {isa = PBXFileReference; lastKnownFileType = sourcecode.swift; path = RatingView.swift; sourceTree = "<group>"; };
		934853012505815700EDD2AA /* UIView+Extension.swift */ = {isa = PBXFileReference; fileEncoding = 4; lastKnownFileType = sourcecode.swift; path = "UIView+Extension.swift"; sourceTree = "<group>"; };
		93485304250583CF00EDD2AA /* AddressView.swift */ = {isa = PBXFileReference; lastKnownFileType = sourcecode.swift; path = AddressView.swift; sourceTree = "<group>"; };
		936D1831253BBDB100889CE0 /* NunitoSans-SemiBoldItalic.ttf */ = {isa = PBXFileReference; lastKnownFileType = file; path = "NunitoSans-SemiBoldItalic.ttf"; sourceTree = "<group>"; };
		936D1833253BBDCC00889CE0 /* NunitoSans-SemiBold.ttf */ = {isa = PBXFileReference; lastKnownFileType = file; name = "NunitoSans-SemiBold.ttf"; path = "Romato/Utility/NunitoSans-SemiBold.ttf"; sourceTree = SOURCE_ROOT; };
		936D1834253BBDCC00889CE0 /* NunitoSans-Regular.ttf */ = {isa = PBXFileReference; lastKnownFileType = file; name = "NunitoSans-Regular.ttf"; path = "Romato/Utility/NunitoSans-Regular.ttf"; sourceTree = SOURCE_ROOT; };
		936D1835253BBDCC00889CE0 /* NunitoSans-ExtraBold.ttf */ = {isa = PBXFileReference; lastKnownFileType = file; name = "NunitoSans-ExtraBold.ttf"; path = "Romato/Utility/NunitoSans-ExtraBold.ttf"; sourceTree = SOURCE_ROOT; };
		936D1836253BBDCC00889CE0 /* NunitoSans-BoldItalic.ttf */ = {isa = PBXFileReference; lastKnownFileType = file; name = "NunitoSans-BoldItalic.ttf"; path = "Romato/Utility/NunitoSans-BoldItalic.ttf"; sourceTree = SOURCE_ROOT; };
		936D1837253BBDCC00889CE0 /* NunitoSans-ExtraLight.ttf */ = {isa = PBXFileReference; lastKnownFileType = file; name = "NunitoSans-ExtraLight.ttf"; path = "Romato/Utility/NunitoSans-ExtraLight.ttf"; sourceTree = SOURCE_ROOT; };
		936D1838253BBDCC00889CE0 /* Fonts.swift */ = {isa = PBXFileReference; fileEncoding = 4; lastKnownFileType = sourcecode.swift; name = Fonts.swift; path = Romato/Utility/Fonts.swift; sourceTree = SOURCE_ROOT; };
		936D1839253BBDCC00889CE0 /* NunitoSans-LightItalic.ttf */ = {isa = PBXFileReference; lastKnownFileType = file; name = "NunitoSans-LightItalic.ttf"; path = "Romato/Utility/NunitoSans-LightItalic.ttf"; sourceTree = SOURCE_ROOT; };
		936D183A253BBDCC00889CE0 /* NunitoSans-ExtraBoldItalic.ttf */ = {isa = PBXFileReference; lastKnownFileType = file; name = "NunitoSans-ExtraBoldItalic.ttf"; path = "Romato/Utility/NunitoSans-ExtraBoldItalic.ttf"; sourceTree = SOURCE_ROOT; };
		936D183B253BBDCC00889CE0 /* NunitoSans-ExtraLightItalic.ttf */ = {isa = PBXFileReference; lastKnownFileType = file; name = "NunitoSans-ExtraLightItalic.ttf"; path = "Romato/Utility/NunitoSans-ExtraLightItalic.ttf"; sourceTree = SOURCE_ROOT; };
		936D183C253BBDCD00889CE0 /* NunitoSans-Black.ttf */ = {isa = PBXFileReference; lastKnownFileType = file; name = "NunitoSans-Black.ttf"; path = "Romato/Utility/NunitoSans-Black.ttf"; sourceTree = SOURCE_ROOT; };
		936D183D253BBDCD00889CE0 /* NunitoSans-Bold.ttf */ = {isa = PBXFileReference; lastKnownFileType = file; name = "NunitoSans-Bold.ttf"; path = "Romato/Utility/NunitoSans-Bold.ttf"; sourceTree = SOURCE_ROOT; };
		936D183E253BBDCD00889CE0 /* NunitoSans-BlackItalic.ttf */ = {isa = PBXFileReference; lastKnownFileType = file; name = "NunitoSans-BlackItalic.ttf"; path = "Romato/Utility/NunitoSans-BlackItalic.ttf"; sourceTree = SOURCE_ROOT; };
		936D183F253BBDCD00889CE0 /* NunitoSans-Italic.ttf */ = {isa = PBXFileReference; lastKnownFileType = file; name = "NunitoSans-Italic.ttf"; path = "Romato/Utility/NunitoSans-Italic.ttf"; sourceTree = SOURCE_ROOT; };
		936D1840253BBDCD00889CE0 /* NunitoSans-Light.ttf */ = {isa = PBXFileReference; lastKnownFileType = file; name = "NunitoSans-Light.ttf"; path = "Romato/Utility/NunitoSans-Light.ttf"; sourceTree = SOURCE_ROOT; };
		936D184F253BC09E00889CE0 /* UIContentSizeCategory+Extensions.swift */ = {isa = PBXFileReference; fileEncoding = 4; lastKnownFileType = sourcecode.swift; path = "UIContentSizeCategory+Extensions.swift"; sourceTree = "<group>"; };
		936D1851253E7DA200889CE0 /* CollectionView.swift */ = {isa = PBXFileReference; lastKnownFileType = sourcecode.swift; path = CollectionView.swift; sourceTree = "<group>"; };
		936D1854253E7DF900889CE0 /* CollectionViewCell.swift */ = {isa = PBXFileReference; lastKnownFileType = sourcecode.swift; path = CollectionViewCell.swift; sourceTree = "<group>"; };
		936D1856253E80B500889CE0 /* CollectionScrollView.swift */ = {isa = PBXFileReference; lastKnownFileType = sourcecode.swift; path = CollectionScrollView.swift; sourceTree = "<group>"; };
		936D1858253FF23500889CE0 /* CollectionImageView.swift */ = {isa = PBXFileReference; lastKnownFileType = sourcecode.swift; path = CollectionImageView.swift; sourceTree = "<group>"; };
		938008892516CA100048D2A8 /* SearchBar.swift */ = {isa = PBXFileReference; lastKnownFileType = sourcecode.swift; path = SearchBar.swift; sourceTree = "<group>"; };
		9380088D2516CC040048D2A8 /* LocalizedString.swift */ = {isa = PBXFileReference; lastKnownFileType = sourcecode.swift; path = LocalizedString.swift; sourceTree = "<group>"; };
/* End PBXFileReference section */

/* Begin PBXFrameworksBuildPhase section */
		9309318924F0998300E1B2E9 /* Frameworks */ = {
			isa = PBXFrameworksBuildPhase;
			buildActionMask = 2147483647;
			files = (
			);
			runOnlyForDeploymentPostprocessing = 0;
		};
		9309319F24F0998800E1B2E9 /* Frameworks */ = {
			isa = PBXFrameworksBuildPhase;
			buildActionMask = 2147483647;
			files = (
			);
			runOnlyForDeploymentPostprocessing = 0;
		};
		930931AA24F0998800E1B2E9 /* Frameworks */ = {
			isa = PBXFrameworksBuildPhase;
			buildActionMask = 2147483647;
			files = (
			);
			runOnlyForDeploymentPostprocessing = 0;
		};
/* End PBXFrameworksBuildPhase section */

/* Begin PBXGroup section */
		9309318324F0998300E1B2E9 = {
			isa = PBXGroup;
			children = (
				9309318E24F0998300E1B2E9 /* Romato */,
				930931A524F0998800E1B2E9 /* RomatoTests */,
				930931B024F0998800E1B2E9 /* RomatoUITests */,
				9309318D24F0998300E1B2E9 /* Products */,
			);
			sourceTree = "<group>";
		};
		9309318D24F0998300E1B2E9 /* Products */ = {
			isa = PBXGroup;
			children = (
				9309318C24F0998300E1B2E9 /* Romato.app */,
				930931A224F0998800E1B2E9 /* RomatoTests.xctest */,
				930931AD24F0998800E1B2E9 /* RomatoUITests.xctest */,
			);
			name = Products;
			sourceTree = "<group>";
		};
		9309318E24F0998300E1B2E9 /* Romato */ = {
			isa = PBXGroup;
			children = (
				936D1830253BB87D00889CE0 /* Utility */,
				9380088C2516CBEF0048D2A8 /* Constants */,
				934853032505839900EDD2AA /* Components */,
				934853002505811C00EDD2AA /* Extensions */,
				930931C024F09D8800E1B2E9 /* ViewControllers */,
				930931BF24F09D8200E1B2E9 /* models */,
				9309318F24F0998300E1B2E9 /* AppDelegate.swift */,
				9309319124F0998300E1B2E9 /* SceneDelegate.swift */,
				9309319824F0998500E1B2E9 /* Assets.xcassets */,
				9309319A24F0998500E1B2E9 /* LaunchScreen.storyboard */,
				9309319D24F0998500E1B2E9 /* Info.plist */,
			);
			path = Romato;
			sourceTree = "<group>";
		};
		930931A524F0998800E1B2E9 /* RomatoTests */ = {
			isa = PBXGroup;
			children = (
				930931A624F0998800E1B2E9 /* RomatoTests.swift */,
				930931A824F0998800E1B2E9 /* Info.plist */,
			);
			path = RomatoTests;
			sourceTree = "<group>";
		};
		930931B024F0998800E1B2E9 /* RomatoUITests */ = {
			isa = PBXGroup;
			children = (
				930931B124F0998800E1B2E9 /* RomatoUITests.swift */,
				930931B324F0998800E1B2E9 /* Info.plist */,
			);
			path = RomatoUITests;
			sourceTree = "<group>";
		};
		930931BF24F09D8200E1B2E9 /* models */ = {
			isa = PBXGroup;
			children = (
				930931C324F09E0C00E1B2E9 /* HomeViewModel.swift */,
			);
			path = models;
			sourceTree = "<group>";
		};
		930931C024F09D8800E1B2E9 /* ViewControllers */ = {
			isa = PBXGroup;
			children = (
				930931C124F09DD800E1B2E9 /* HomeViewController.swift */,
			);
			path = ViewControllers;
			sourceTree = "<group>";
		};
		934853002505811C00EDD2AA /* Extensions */ = {
			isa = PBXGroup;
			children = (
				936D184F253BC09E00889CE0 /* UIContentSizeCategory+Extensions.swift */,
				933E2C132517B52700FC9E63 /* UIColor+Utility.swift */,
				934853012505815700EDD2AA /* UIView+Extension.swift */,
			);
			path = Extensions;
			sourceTree = "<group>";
		};
		934853032505839900EDD2AA /* Components */ = {
			isa = PBXGroup;
			children = (
				93485304250583CF00EDD2AA /* AddressView.swift */,
				933E2C1F2522B4FB00FC9E63 /* FilterCell.swift */,
				933E2C19252282D900FC9E63 /* FilterButton.swift */,
				938008892516CA100048D2A8 /* SearchBar.swift */,
				933E2C0F2517B35200FC9E63 /* FilterViewComponent.swift */,
				933E2C152517BE9D00FC9E63 /* FilterContainerScrollView.swift */,
				933E2C1B252283C300FC9E63 /* GreyLabel.swift */,
				933E2C1725224FA100FC9E63 /* ScrollViewWithContainerView.swift */,
				933E2C1D2522907D00FC9E63 /* FilterViewComponentBaseView.swift */,
				933E2C212522E99900FC9E63 /* RestaurantCardCell.swift */,
				931FE92325703FEE0046624F /* RestaurantCardView.swift */,
				933E2C232522E9C300FC9E63 /* RestaurantCardImageView.swift */,
				933E2C272523C57600FC9E63 /* RestaurantSummaryCard.swift */,
				933E2C292524098D00FC9E63 /* RatingView.swift */,
				933E2C252522EAA000FC9E63 /* CollectionsHeaderCell.swift */,
				936D1854253E7DF900889CE0 /* CollectionViewCell.swift */,
				936D1856253E80B500889CE0 /* CollectionScrollView.swift */,
				936D1851253E7DA200889CE0 /* CollectionView.swift */,
				936D1858253FF23500889CE0 /* CollectionImageView.swift */,
			);
			path = Components;
			sourceTree = "<group>";
		};
		936D1830253BB87D00889CE0 /* Utility */ = {
			isa = PBXGroup;
			children = (
				936D1838253BBDCC00889CE0 /* Fonts.swift */,
				936D183C253BBDCD00889CE0 /* NunitoSans-Black.ttf */,
				936D183E253BBDCD00889CE0 /* NunitoSans-BlackItalic.ttf */,
				936D183D253BBDCD00889CE0 /* NunitoSans-Bold.ttf */,
				936D1836253BBDCC00889CE0 /* NunitoSans-BoldItalic.ttf */,
				936D1835253BBDCC00889CE0 /* NunitoSans-ExtraBold.ttf */,
				936D183A253BBDCC00889CE0 /* NunitoSans-ExtraBoldItalic.ttf */,
				936D1837253BBDCC00889CE0 /* NunitoSans-ExtraLight.ttf */,
				936D183B253BBDCC00889CE0 /* NunitoSans-ExtraLightItalic.ttf */,
				936D183F253BBDCD00889CE0 /* NunitoSans-Italic.ttf */,
				936D1840253BBDCD00889CE0 /* NunitoSans-Light.ttf */,
				936D1839253BBDCC00889CE0 /* NunitoSans-LightItalic.ttf */,
				936D1834253BBDCC00889CE0 /* NunitoSans-Regular.ttf */,
				936D1833253BBDCC00889CE0 /* NunitoSans-SemiBold.ttf */,
				936D1831253BBDB100889CE0 /* NunitoSans-SemiBoldItalic.ttf */,
			);
			path = Utility;
			sourceTree = "<group>";
		};
		9380088C2516CBEF0048D2A8 /* Constants */ = {
			isa = PBXGroup;
			children = (
				9380088D2516CC040048D2A8 /* LocalizedString.swift */,
				933E2C112517B4B000FC9E63 /* Colors.swift */,
			);
			path = Constants;
			sourceTree = "<group>";
		};
/* End PBXGroup section */

/* Begin PBXNativeTarget section */
		9309318B24F0998300E1B2E9 /* Romato */ = {
			isa = PBXNativeTarget;
			buildConfigurationList = 930931B624F0998800E1B2E9 /* Build configuration list for PBXNativeTarget "Romato" */;
			buildPhases = (
				9309318824F0998300E1B2E9 /* Sources */,
				9309318924F0998300E1B2E9 /* Frameworks */,
				9309318A24F0998300E1B2E9 /* Resources */,
			);
			buildRules = (
			);
			dependencies = (
			);
			name = Romato;
			productName = Romato;
			productReference = 9309318C24F0998300E1B2E9 /* Romato.app */;
			productType = "com.apple.product-type.application";
		};
		930931A124F0998800E1B2E9 /* RomatoTests */ = {
			isa = PBXNativeTarget;
			buildConfigurationList = 930931B924F0998800E1B2E9 /* Build configuration list for PBXNativeTarget "RomatoTests" */;
			buildPhases = (
				9309319E24F0998800E1B2E9 /* Sources */,
				9309319F24F0998800E1B2E9 /* Frameworks */,
				930931A024F0998800E1B2E9 /* Resources */,
			);
			buildRules = (
			);
			dependencies = (
				930931A424F0998800E1B2E9 /* PBXTargetDependency */,
			);
			name = RomatoTests;
			productName = RomatoTests;
			productReference = 930931A224F0998800E1B2E9 /* RomatoTests.xctest */;
			productType = "com.apple.product-type.bundle.unit-test";
		};
		930931AC24F0998800E1B2E9 /* RomatoUITests */ = {
			isa = PBXNativeTarget;
			buildConfigurationList = 930931BC24F0998800E1B2E9 /* Build configuration list for PBXNativeTarget "RomatoUITests" */;
			buildPhases = (
				930931A924F0998800E1B2E9 /* Sources */,
				930931AA24F0998800E1B2E9 /* Frameworks */,
				930931AB24F0998800E1B2E9 /* Resources */,
			);
			buildRules = (
			);
			dependencies = (
				930931AF24F0998800E1B2E9 /* PBXTargetDependency */,
			);
			name = RomatoUITests;
			productName = RomatoUITests;
			productReference = 930931AD24F0998800E1B2E9 /* RomatoUITests.xctest */;
			productType = "com.apple.product-type.bundle.ui-testing";
		};
/* End PBXNativeTarget section */

/* Begin PBXProject section */
		9309318424F0998300E1B2E9 /* Project object */ = {
			isa = PBXProject;
			attributes = {
				LastSwiftUpdateCheck = 1200;
				LastUpgradeCheck = 1200;
				TargetAttributes = {
					9309318B24F0998300E1B2E9 = {
						CreatedOnToolsVersion = 12.0;
					};
					930931A124F0998800E1B2E9 = {
						CreatedOnToolsVersion = 12.0;
						TestTargetID = 9309318B24F0998300E1B2E9;
					};
					930931AC24F0998800E1B2E9 = {
						CreatedOnToolsVersion = 12.0;
						TestTargetID = 9309318B24F0998300E1B2E9;
					};
				};
			};
			buildConfigurationList = 9309318724F0998300E1B2E9 /* Build configuration list for PBXProject "Romato" */;
			compatibilityVersion = "Xcode 9.3";
			developmentRegion = en;
			hasScannedForEncodings = 0;
			knownRegions = (
				en,
				Base,
			);
			mainGroup = 9309318324F0998300E1B2E9;
			productRefGroup = 9309318D24F0998300E1B2E9 /* Products */;
			projectDirPath = "";
			projectRoot = "";
			targets = (
				9309318B24F0998300E1B2E9 /* Romato */,
				930931A124F0998800E1B2E9 /* RomatoTests */,
				930931AC24F0998800E1B2E9 /* RomatoUITests */,
			);
		};
/* End PBXProject section */

/* Begin PBXResourcesBuildPhase section */
		9309318A24F0998300E1B2E9 /* Resources */ = {
			isa = PBXResourcesBuildPhase;
			buildActionMask = 2147483647;
			files = (
				936D184A253BBDCD00889CE0 /* NunitoSans-Black.ttf in Resources */,
				936D1845253BBDCD00889CE0 /* NunitoSans-ExtraLight.ttf in Resources */,
				9309319C24F0998500E1B2E9 /* LaunchScreen.storyboard in Resources */,
				936D184B253BBDCD00889CE0 /* NunitoSans-Bold.ttf in Resources */,
				936D1849253BBDCD00889CE0 /* NunitoSans-ExtraLightItalic.ttf in Resources */,
				936D1848253BBDCD00889CE0 /* NunitoSans-ExtraBoldItalic.ttf in Resources */,
				936D184C253BBDCD00889CE0 /* NunitoSans-BlackItalic.ttf in Resources */,
				936D184E253BBDCD00889CE0 /* NunitoSans-Light.ttf in Resources */,
				936D1841253BBDCD00889CE0 /* NunitoSans-SemiBold.ttf in Resources */,
				936D1842253BBDCD00889CE0 /* NunitoSans-Regular.ttf in Resources */,
				936D1847253BBDCD00889CE0 /* NunitoSans-LightItalic.ttf in Resources */,
				9309319924F0998500E1B2E9 /* Assets.xcassets in Resources */,
				936D1844253BBDCD00889CE0 /* NunitoSans-BoldItalic.ttf in Resources */,
				936D184D253BBDCD00889CE0 /* NunitoSans-Italic.ttf in Resources */,
				936D1843253BBDCD00889CE0 /* NunitoSans-ExtraBold.ttf in Resources */,
				936D1832253BBDB100889CE0 /* NunitoSans-SemiBoldItalic.ttf in Resources */,
			);
			runOnlyForDeploymentPostprocessing = 0;
		};
		930931A024F0998800E1B2E9 /* Resources */ = {
			isa = PBXResourcesBuildPhase;
			buildActionMask = 2147483647;
			files = (
			);
			runOnlyForDeploymentPostprocessing = 0;
		};
		930931AB24F0998800E1B2E9 /* Resources */ = {
			isa = PBXResourcesBuildPhase;
			buildActionMask = 2147483647;
			files = (
			);
			runOnlyForDeploymentPostprocessing = 0;
		};
/* End PBXResourcesBuildPhase section */

/* Begin PBXSourcesBuildPhase section */
		9309318824F0998300E1B2E9 /* Sources */ = {
			isa = PBXSourcesBuildPhase;
			buildActionMask = 2147483647;
			files = (
				933E2C162517BE9D00FC9E63 /* FilterContainerScrollView.swift in Sources */,
				933E2C142517B52700FC9E63 /* UIColor+Utility.swift in Sources */,
				933E2C202522B4FB00FC9E63 /* FilterCell.swift in Sources */,
				933E2C1E2522907D00FC9E63 /* FilterViewComponentBaseView.swift in Sources */,
				9380088A2516CA100048D2A8 /* SearchBar.swift in Sources */,
				933E2C1C252283C300FC9E63 /* GreyLabel.swift in Sources */,
				936D1857253E80B500889CE0 /* CollectionScrollView.swift in Sources */,
				936D1850253BC09E00889CE0 /* UIContentSizeCategory+Extensions.swift in Sources */,
				933E2C222522E99900FC9E63 /* RestaurantCardCell.swift in Sources */,
				936D1855253E7DF900889CE0 /* CollectionViewCell.swift in Sources */,
				933E2C122517B4B000FC9E63 /* Colors.swift in Sources */,
				933E2C102517B35200FC9E63 /* FilterViewComponent.swift in Sources */,
				933E2C242522E9C300FC9E63 /* RestaurantCardImageView.swift in Sources */,
				936D1846253BBDCD00889CE0 /* Fonts.swift in Sources */,
				936D1859253FF23500889CE0 /* CollectionImageView.swift in Sources */,
				933E2C262522EAA000FC9E63 /* CollectionsHeaderCell.swift in Sources */,
				933E2C2A2524098D00FC9E63 /* RatingView.swift in Sources */,
				933E2C1825224FA200FC9E63 /* ScrollViewWithContainerView.swift in Sources */,
				9309319024F0998300E1B2E9 /* AppDelegate.swift in Sources */,
				9309319224F0998300E1B2E9 /* SceneDelegate.swift in Sources */,
				930931C424F09E0C00E1B2E9 /* HomeViewModel.swift in Sources */,
				934853022505815700EDD2AA /* UIView+Extension.swift in Sources */,
				936D1852253E7DA200889CE0 /* CollectionView.swift in Sources */,
				930931C224F09DD800E1B2E9 /* HomeViewController.swift in Sources */,
				9380088E2516CC040048D2A8 /* LocalizedString.swift in Sources */,
				933E2C282523C57600FC9E63 /* RestaurantSummaryCard.swift in Sources */,
				93485305250583CF00EDD2AA /* AddressView.swift in Sources */,
				933E2C1A252282D900FC9E63 /* FilterButton.swift in Sources */,
				931FE92425703FEE0046624F /* RestaurantCardView.swift in Sources */,
			);
			runOnlyForDeploymentPostprocessing = 0;
		};
		9309319E24F0998800E1B2E9 /* Sources */ = {
			isa = PBXSourcesBuildPhase;
			buildActionMask = 2147483647;
			files = (
				930931A724F0998800E1B2E9 /* RomatoTests.swift in Sources */,
			);
			runOnlyForDeploymentPostprocessing = 0;
		};
		930931A924F0998800E1B2E9 /* Sources */ = {
			isa = PBXSourcesBuildPhase;
			buildActionMask = 2147483647;
			files = (
				930931B224F0998800E1B2E9 /* RomatoUITests.swift in Sources */,
			);
			runOnlyForDeploymentPostprocessing = 0;
		};
/* End PBXSourcesBuildPhase section */

/* Begin PBXTargetDependency section */
		930931A424F0998800E1B2E9 /* PBXTargetDependency */ = {
			isa = PBXTargetDependency;
			target = 9309318B24F0998300E1B2E9 /* Romato */;
			targetProxy = 930931A324F0998800E1B2E9 /* PBXContainerItemProxy */;
		};
		930931AF24F0998800E1B2E9 /* PBXTargetDependency */ = {
			isa = PBXTargetDependency;
			target = 9309318B24F0998300E1B2E9 /* Romato */;
			targetProxy = 930931AE24F0998800E1B2E9 /* PBXContainerItemProxy */;
		};
/* End PBXTargetDependency section */

/* Begin PBXVariantGroup section */
		9309319A24F0998500E1B2E9 /* LaunchScreen.storyboard */ = {
			isa = PBXVariantGroup;
			children = (
				9309319B24F0998500E1B2E9 /* Base */,
			);
			name = LaunchScreen.storyboard;
			sourceTree = "<group>";
		};
/* End PBXVariantGroup section */

/* Begin XCBuildConfiguration section */
		930931B424F0998800E1B2E9 /* Debug */ = {
			isa = XCBuildConfiguration;
			buildSettings = {
				ALWAYS_SEARCH_USER_PATHS = NO;
				CLANG_ANALYZER_NONNULL = YES;
				CLANG_ANALYZER_NUMBER_OBJECT_CONVERSION = YES_AGGRESSIVE;
				CLANG_CXX_LANGUAGE_STANDARD = "gnu++14";
				CLANG_CXX_LIBRARY = "libc++";
				CLANG_ENABLE_MODULES = YES;
				CLANG_ENABLE_OBJC_ARC = YES;
				CLANG_ENABLE_OBJC_WEAK = YES;
				CLANG_WARN_BLOCK_CAPTURE_AUTORELEASING = YES;
				CLANG_WARN_BOOL_CONVERSION = YES;
				CLANG_WARN_COMMA = YES;
				CLANG_WARN_CONSTANT_CONVERSION = YES;
				CLANG_WARN_DEPRECATED_OBJC_IMPLEMENTATIONS = YES;
				CLANG_WARN_DIRECT_OBJC_ISA_USAGE = YES_ERROR;
				CLANG_WARN_DOCUMENTATION_COMMENTS = YES;
				CLANG_WARN_EMPTY_BODY = YES;
				CLANG_WARN_ENUM_CONVERSION = YES;
				CLANG_WARN_INFINITE_RECURSION = YES;
				CLANG_WARN_INT_CONVERSION = YES;
				CLANG_WARN_NON_LITERAL_NULL_CONVERSION = YES;
				CLANG_WARN_OBJC_IMPLICIT_RETAIN_SELF = YES;
				CLANG_WARN_OBJC_LITERAL_CONVERSION = YES;
				CLANG_WARN_OBJC_ROOT_CLASS = YES_ERROR;
				CLANG_WARN_QUOTED_INCLUDE_IN_FRAMEWORK_HEADER = YES;
				CLANG_WARN_RANGE_LOOP_ANALYSIS = YES;
				CLANG_WARN_STRICT_PROTOTYPES = YES;
				CLANG_WARN_SUSPICIOUS_MOVE = YES;
				CLANG_WARN_UNGUARDED_AVAILABILITY = YES_AGGRESSIVE;
				CLANG_WARN_UNREACHABLE_CODE = YES;
				CLANG_WARN__DUPLICATE_METHOD_MATCH = YES;
				COPY_PHASE_STRIP = NO;
				DEBUG_INFORMATION_FORMAT = dwarf;
				ENABLE_STRICT_OBJC_MSGSEND = YES;
				ENABLE_TESTABILITY = YES;
				GCC_C_LANGUAGE_STANDARD = gnu11;
				GCC_DYNAMIC_NO_PIC = NO;
				GCC_NO_COMMON_BLOCKS = YES;
				GCC_OPTIMIZATION_LEVEL = 0;
				GCC_PREPROCESSOR_DEFINITIONS = (
					"DEBUG=1",
					"$(inherited)",
				);
				GCC_WARN_64_TO_32_BIT_CONVERSION = YES;
				GCC_WARN_ABOUT_RETURN_TYPE = YES_ERROR;
				GCC_WARN_UNDECLARED_SELECTOR = YES;
				GCC_WARN_UNINITIALIZED_AUTOS = YES_AGGRESSIVE;
				GCC_WARN_UNUSED_FUNCTION = YES;
				GCC_WARN_UNUSED_VARIABLE = YES;
				IPHONEOS_DEPLOYMENT_TARGET = 13.0;
				MTL_ENABLE_DEBUG_INFO = INCLUDE_SOURCE;
				MTL_FAST_MATH = YES;
				ONLY_ACTIVE_ARCH = YES;
				SDKROOT = iphoneos;
				SWIFT_ACTIVE_COMPILATION_CONDITIONS = DEBUG;
				SWIFT_OPTIMIZATION_LEVEL = "-Onone";
			};
			name = Debug;
		};
		930931B524F0998800E1B2E9 /* Release */ = {
			isa = XCBuildConfiguration;
			buildSettings = {
				ALWAYS_SEARCH_USER_PATHS = NO;
				CLANG_ANALYZER_NONNULL = YES;
				CLANG_ANALYZER_NUMBER_OBJECT_CONVERSION = YES_AGGRESSIVE;
				CLANG_CXX_LANGUAGE_STANDARD = "gnu++14";
				CLANG_CXX_LIBRARY = "libc++";
				CLANG_ENABLE_MODULES = YES;
				CLANG_ENABLE_OBJC_ARC = YES;
				CLANG_ENABLE_OBJC_WEAK = YES;
				CLANG_WARN_BLOCK_CAPTURE_AUTORELEASING = YES;
				CLANG_WARN_BOOL_CONVERSION = YES;
				CLANG_WARN_COMMA = YES;
				CLANG_WARN_CONSTANT_CONVERSION = YES;
				CLANG_WARN_DEPRECATED_OBJC_IMPLEMENTATIONS = YES;
				CLANG_WARN_DIRECT_OBJC_ISA_USAGE = YES_ERROR;
				CLANG_WARN_DOCUMENTATION_COMMENTS = YES;
				CLANG_WARN_EMPTY_BODY = YES;
				CLANG_WARN_ENUM_CONVERSION = YES;
				CLANG_WARN_INFINITE_RECURSION = YES;
				CLANG_WARN_INT_CONVERSION = YES;
				CLANG_WARN_NON_LITERAL_NULL_CONVERSION = YES;
				CLANG_WARN_OBJC_IMPLICIT_RETAIN_SELF = YES;
				CLANG_WARN_OBJC_LITERAL_CONVERSION = YES;
				CLANG_WARN_OBJC_ROOT_CLASS = YES_ERROR;
				CLANG_WARN_QUOTED_INCLUDE_IN_FRAMEWORK_HEADER = YES;
				CLANG_WARN_RANGE_LOOP_ANALYSIS = YES;
				CLANG_WARN_STRICT_PROTOTYPES = YES;
				CLANG_WARN_SUSPICIOUS_MOVE = YES;
				CLANG_WARN_UNGUARDED_AVAILABILITY = YES_AGGRESSIVE;
				CLANG_WARN_UNREACHABLE_CODE = YES;
				CLANG_WARN__DUPLICATE_METHOD_MATCH = YES;
				COPY_PHASE_STRIP = NO;
				DEBUG_INFORMATION_FORMAT = "dwarf-with-dsym";
				ENABLE_NS_ASSERTIONS = NO;
				ENABLE_STRICT_OBJC_MSGSEND = YES;
				GCC_C_LANGUAGE_STANDARD = gnu11;
				GCC_NO_COMMON_BLOCKS = YES;
				GCC_WARN_64_TO_32_BIT_CONVERSION = YES;
				GCC_WARN_ABOUT_RETURN_TYPE = YES_ERROR;
				GCC_WARN_UNDECLARED_SELECTOR = YES;
				GCC_WARN_UNINITIALIZED_AUTOS = YES_AGGRESSIVE;
				GCC_WARN_UNUSED_FUNCTION = YES;
				GCC_WARN_UNUSED_VARIABLE = YES;
				IPHONEOS_DEPLOYMENT_TARGET = 13.0;
				MTL_ENABLE_DEBUG_INFO = NO;
				MTL_FAST_MATH = YES;
				SDKROOT = iphoneos;
				SWIFT_COMPILATION_MODE = wholemodule;
				SWIFT_OPTIMIZATION_LEVEL = "-O";
				VALIDATE_PRODUCT = YES;
			};
			name = Release;
		};
		930931B724F0998800E1B2E9 /* Debug */ = {
			isa = XCBuildConfiguration;
			buildSettings = {
				ASSETCATALOG_COMPILER_APPICON_NAME = AppIcon;
				ASSETCATALOG_COMPILER_GLOBAL_ACCENT_COLOR_NAME = AccentColor;
				CODE_SIGN_STYLE = Automatic;
				DEVELOPMENT_TEAM = DM6YKWKWAC;
				INFOPLIST_FILE = Romato/Info.plist;
				LD_RUNPATH_SEARCH_PATHS = (
					"$(inherited)",
					"@executable_path/Frameworks",
				);
				PRODUCT_BUNDLE_IDENTIFIER = com.navjaybar.Romato;
				PRODUCT_NAME = "$(TARGET_NAME)";
				SWIFT_VERSION = 5.0;
				TARGETED_DEVICE_FAMILY = "1,2";
			};
			name = Debug;
		};
		930931B824F0998800E1B2E9 /* Release */ = {
			isa = XCBuildConfiguration;
			buildSettings = {
				ASSETCATALOG_COMPILER_APPICON_NAME = AppIcon;
				ASSETCATALOG_COMPILER_GLOBAL_ACCENT_COLOR_NAME = AccentColor;
				CODE_SIGN_STYLE = Automatic;
				DEVELOPMENT_TEAM = DM6YKWKWAC;
				INFOPLIST_FILE = Romato/Info.plist;
				LD_RUNPATH_SEARCH_PATHS = (
					"$(inherited)",
					"@executable_path/Frameworks",
				);
				PRODUCT_BUNDLE_IDENTIFIER = com.navjaybar.Romato;
				PRODUCT_NAME = "$(TARGET_NAME)";
				SWIFT_VERSION = 5.0;
				TARGETED_DEVICE_FAMILY = "1,2";
			};
			name = Release;
		};
		930931BA24F0998800E1B2E9 /* Debug */ = {
			isa = XCBuildConfiguration;
			buildSettings = {
				ALWAYS_EMBED_SWIFT_STANDARD_LIBRARIES = YES;
				BUNDLE_LOADER = "$(TEST_HOST)";
				CODE_SIGN_STYLE = Automatic;
				DEVELOPMENT_TEAM = DM6YKWKWAC;
				INFOPLIST_FILE = RomatoTests/Info.plist;
				IPHONEOS_DEPLOYMENT_TARGET = 14.0;
				LD_RUNPATH_SEARCH_PATHS = (
					"$(inherited)",
					"@executable_path/Frameworks",
					"@loader_path/Frameworks",
				);
				PRODUCT_BUNDLE_IDENTIFIER = com.navjaybar.RomatoTests;
				PRODUCT_NAME = "$(TARGET_NAME)";
				SWIFT_VERSION = 5.0;
				TARGETED_DEVICE_FAMILY = "1,2";
				TEST_HOST = "$(BUILT_PRODUCTS_DIR)/Romato.app/Romato";
			};
			name = Debug;
		};
		930931BB24F0998800E1B2E9 /* Release */ = {
			isa = XCBuildConfiguration;
			buildSettings = {
				ALWAYS_EMBED_SWIFT_STANDARD_LIBRARIES = YES;
				BUNDLE_LOADER = "$(TEST_HOST)";
				CODE_SIGN_STYLE = Automatic;
				DEVELOPMENT_TEAM = DM6YKWKWAC;
				INFOPLIST_FILE = RomatoTests/Info.plist;
				IPHONEOS_DEPLOYMENT_TARGET = 14.0;
				LD_RUNPATH_SEARCH_PATHS = (
					"$(inherited)",
					"@executable_path/Frameworks",
					"@loader_path/Frameworks",
				);
				PRODUCT_BUNDLE_IDENTIFIER = com.navjaybar.RomatoTests;
				PRODUCT_NAME = "$(TARGET_NAME)";
				SWIFT_VERSION = 5.0;
				TARGETED_DEVICE_FAMILY = "1,2";
				TEST_HOST = "$(BUILT_PRODUCTS_DIR)/Romato.app/Romato";
			};
			name = Release;
		};
		930931BD24F0998800E1B2E9 /* Debug */ = {
			isa = XCBuildConfiguration;
			buildSettings = {
				ALWAYS_EMBED_SWIFT_STANDARD_LIBRARIES = YES;
				CODE_SIGN_STYLE = Automatic;
				DEVELOPMENT_TEAM = DM6YKWKWAC;
				INFOPLIST_FILE = RomatoUITests/Info.plist;
				LD_RUNPATH_SEARCH_PATHS = (
					"$(inherited)",
					"@executable_path/Frameworks",
					"@loader_path/Frameworks",
				);
				PRODUCT_BUNDLE_IDENTIFIER = com.navjaybar.RomatoUITests;
				PRODUCT_NAME = "$(TARGET_NAME)";
				SWIFT_VERSION = 5.0;
				TARGETED_DEVICE_FAMILY = "1,2";
				TEST_TARGET_NAME = Romato;
			};
			name = Debug;
		};
		930931BE24F0998800E1B2E9 /* Release */ = {
			isa = XCBuildConfiguration;
			buildSettings = {
				ALWAYS_EMBED_SWIFT_STANDARD_LIBRARIES = YES;
				CODE_SIGN_STYLE = Automatic;
				DEVELOPMENT_TEAM = DM6YKWKWAC;
				INFOPLIST_FILE = RomatoUITests/Info.plist;
				LD_RUNPATH_SEARCH_PATHS = (
					"$(inherited)",
					"@executable_path/Frameworks",
					"@loader_path/Frameworks",
				);
				PRODUCT_BUNDLE_IDENTIFIER = com.navjaybar.RomatoUITests;
				PRODUCT_NAME = "$(TARGET_NAME)";
				SWIFT_VERSION = 5.0;
				TARGETED_DEVICE_FAMILY = "1,2";
				TEST_TARGET_NAME = Romato;
			};
			name = Release;
		};
/* End XCBuildConfiguration section */

/* Begin XCConfigurationList section */
		9309318724F0998300E1B2E9 /* Build configuration list for PBXProject "Romato" */ = {
			isa = XCConfigurationList;
			buildConfigurations = (
				930931B424F0998800E1B2E9 /* Debug */,
				930931B524F0998800E1B2E9 /* Release */,
			);
			defaultConfigurationIsVisible = 0;
			defaultConfigurationName = Release;
		};
		930931B624F0998800E1B2E9 /* Build configuration list for PBXNativeTarget "Romato" */ = {
			isa = XCConfigurationList;
			buildConfigurations = (
				930931B724F0998800E1B2E9 /* Debug */,
				930931B824F0998800E1B2E9 /* Release */,
			);
			defaultConfigurationIsVisible = 0;
			defaultConfigurationName = Release;
		};
		930931B924F0998800E1B2E9 /* Build configuration list for PBXNativeTarget "RomatoTests" */ = {
			isa = XCConfigurationList;
			buildConfigurations = (
				930931BA24F0998800E1B2E9 /* Debug */,
				930931BB24F0998800E1B2E9 /* Release */,
			);
			defaultConfigurationIsVisible = 0;
			defaultConfigurationName = Release;
		};
		930931BC24F0998800E1B2E9 /* Build configuration list for PBXNativeTarget "RomatoUITests" */ = {
			isa = XCConfigurationList;
			buildConfigurations = (
				930931BD24F0998800E1B2E9 /* Debug */,
				930931BE24F0998800E1B2E9 /* Release */,
			);
			defaultConfigurationIsVisible = 0;
			defaultConfigurationName = Release;
		};
/* End XCConfigurationList section */
	};
	rootObject = 9309318424F0998300E1B2E9 /* Project object */;
}
